
Microsoft Visual Studio Solution File, Format Version 12.00
# Visual Studio 15
VisualStudioVersion = 15.0.28307.421
MinimumVisualStudioVersion = 10.0.40219.1
Project("{FAE04EC0-301F-11D3-BF4B-00C04F79EFBC}") = "Request System", "Request System\Request System.csproj", "{B78077BA-1B7D-4434-853D-4B98B1D95EE8}"
EndProject
Global
	GlobalSection(SolutionConfigurationPlatforms) = preSolution
		Debug|Any CPU = Debug|Any CPU
		Release|Any CPU = Release|Any CPU
	EndGlobalSection
	GlobalSection(ProjectConfigurationPlatforms) = postSolution
		{B78077BA-1B7D-4434-853D-4B98B1D95EE8}.Debug|Any CPU.ActiveCfg = Debug|Any CPU
		{B78077BA-1B7D-4434-853D-4B98B1D95EE8}.Debug|Any CPU.Build.0 = Debug|Any CPU
		{B78077BA-1B7D-4434-853D-4B98B1D95EE8}.Release|Any CPU.ActiveCfg = Release|Any CPU
		{B78077BA-1B7D-4434-853D-4B98B1D95EE8}.Release|Any CPU.Build.0 = Release|Any CPU
	EndGlobalSection
	GlobalSection(SolutionProperties) = preSolution
		HideSolutionNode = FALSE
	EndGlobalSection
	GlobalSection(ExtensibilityGlobals) = postSolution
		SolutionGuid = {365F9493-5587-4486-AEEB-6E7D06AEB53A}
	EndGlobalSection
EndGlobal
